<?xml version="1.0" encoding="UTF-8" standalone="yes" ?>
<CodeBlocks_project_file>
   <FileVersion major="1" minor="6" />
   <Project>
      <Option title="adventure" />
      <Option makefile_is_custom="1" />
      <Option compiler="gcc" />
      <Option virtualFolders="CMake Files\;CMake Files\..\;CMake Files\..\GameEngine\;CMake Files\..\GameEngine\CMake\;CMake Files\..\GameEngine\CMake\Modules\;" />
      <Build>
      <Target title="all">
         <Option working_dir="C:/Users/bm4g5_000/Documents/github/adventure" />
         <Option type="4" />
         <MakeCommands>
            <Build command="C:/MinGW/bin/mingw32-make.exe -f &quot;C:/Users/bm4g5_000/Documents/github/adventure/Makefile&quot;  VERBOSE=1 all" />
            <CompileFile command="C:/MinGW/bin/mingw32-make.exe -f &quot;C:/Users/bm4g5_000/Documents/github/adventure/Makefile&quot;  VERBOSE=1 &quot;$file&quot;" />
            <Clean command="C:/MinGW/bin/mingw32-make.exe -f &quot;C:/Users/bm4g5_000/Documents/github/adventure/Makefile&quot;  VERBOSE=1 clean" />
            <DistClean command="C:/MinGW/bin/mingw32-make.exe -f &quot;C:/Users/bm4g5_000/Documents/github/adventure/Makefile&quot;  VERBOSE=1 clean" />
         </MakeCommands>
      </Target>
      <Target title="adventure">
         <Option output="C:/Users/bm4g5_000/Documents/github/adventure/libadventure.dll" prefix_auto="0" extension_auto="0" />
         <Option working_dir="C:/Users/bm4g5_000/Documents/github/adventure" />
         <Option object_output="./" />
         <Option type="3" />
         <Option compiler="gcc" />
         <Compiler>
            <Add directory="C:/Users/bm4g5_000/Documents/github/GameEngine/GameEngine" />
            <Add directory="C:/Users/bm4g5_000/Documents/github/GameEngine/GameLauncher" />
            <Add directory="C:/Users/bm4g5_000/Documents/github/GameEngine/GameLauncher/interfaces" />
            <Add directory="C:/Users/bm4g5_000/Documents/github/angelscript/add_on" />
            <Add directory="C:/Users/bm4g5_000/Documents/github/angelscript/angelscript/include" />
            <Add directory="C:/Users/bm4g5_000/Documents/github/glfw/include" />
            <Add directory="C:/Users/bm4g5_000/Documents/github/glm" />
         </Compiler>
         <MakeCommands>
            <Build command="C:/MinGW/bin/mingw32-make.exe -f &quot;C:/Users/bm4g5_000/Documents/github/adventure/Makefile&quot;  VERBOSE=1 adventure" />
            <CompileFile command="C:/MinGW/bin/mingw32-make.exe -f &quot;C:/Users/bm4g5_000/Documents/github/adventure/Makefile&quot;  VERBOSE=1 &quot;$file&quot;" />
            <Clean command="C:/MinGW/bin/mingw32-make.exe -f &quot;C:/Users/bm4g5_000/Documents/github/adventure/Makefile&quot;  VERBOSE=1 clean" />
            <DistClean command="C:/MinGW/bin/mingw32-make.exe -f &quot;C:/Users/bm4g5_000/Documents/github/adventure/Makefile&quot;  VERBOSE=1 clean" />
         </MakeCommands>
      </Target>
      <Target title="adventure/fast">
         <Option output="C:/Users/bm4g5_000/Documents/github/adventure/libadventure.dll" prefix_auto="0" extension_auto="0" />
         <Option working_dir="C:/Users/bm4g5_000/Documents/github/adventure" />
         <Option object_output="./" />
         <Option type="3" />
         <Option compiler="gcc" />
         <Compiler>
            <Add directory="C:/Users/bm4g5_000/Documents/github/GameEngine/GameEngine" />
            <Add directory="C:/Users/bm4g5_000/Documents/github/GameEngine/GameLauncher" />
            <Add directory="C:/Users/bm4g5_000/Documents/github/GameEngine/GameLauncher/interfaces" />
            <Add directory="C:/Users/bm4g5_000/Documents/github/angelscript/add_on" />
            <Add directory="C:/Users/bm4g5_000/Documents/github/angelscript/angelscript/include" />
            <Add directory="C:/Users/bm4g5_000/Documents/github/glfw/include" />
            <Add directory="C:/Users/bm4g5_000/Documents/github/glm" />
         </Compiler>
         <MakeCommands>
            <Build command="C:/MinGW/bin/mingw32-make.exe -f &quot;C:/Users/bm4g5_000/Documents/github/adventure/Makefile&quot;  VERBOSE=1 adventure/fast" />
            <CompileFile command="C:/MinGW/bin/mingw32-make.exe -f &quot;C:/Users/bm4g5_000/Documents/github/adventure/Makefile&quot;  VERBOSE=1 &quot;$file&quot;" />
            <Clean command="C:/MinGW/bin/mingw32-make.exe -f &quot;C:/Users/bm4g5_000/Documents/github/adventure/Makefile&quot;  VERBOSE=1 clean" />
            <DistClean command="C:/MinGW/bin/mingw32-make.exe -f &quot;C:/Users/bm4g5_000/Documents/github/adventure/Makefile&quot;  VERBOSE=1 clean" />
         </MakeCommands>
      </Target>
      <Target title="edit_cache">
         <Option working_dir="C:/Users/bm4g5_000/Documents/github/adventure" />
         <Option type="4" />
         <MakeCommands>
            <Build command="C:/MinGW/bin/mingw32-make.exe -f &quot;C:/Users/bm4g5_000/Documents/github/adventure/Makefile&quot;  VERBOSE=1 edit_cache" />
            <CompileFile command="C:/MinGW/bin/mingw32-make.exe -f &quot;C:/Users/bm4g5_000/Documents/github/adventure/Makefile&quot;  VERBOSE=1 &quot;$file&quot;" />
            <Clean command="C:/MinGW/bin/mingw32-make.exe -f &quot;C:/Users/bm4g5_000/Documents/github/adventure/Makefile&quot;  VERBOSE=1 clean" />
            <DistClean command="C:/MinGW/bin/mingw32-make.exe -f &quot;C:/Users/bm4g5_000/Documents/github/adventure/Makefile&quot;  VERBOSE=1 clean" />
         </MakeCommands>
      </Target>
      <Target title="rebuild_cache">
         <Option working_dir="C:/Users/bm4g5_000/Documents/github/adventure" />
         <Option type="4" />
         <MakeCommands>
            <Build command="C:/MinGW/bin/mingw32-make.exe -f &quot;C:/Users/bm4g5_000/Documents/github/adventure/Makefile&quot;  VERBOSE=1 rebuild_cache" />
            <CompileFile command="C:/MinGW/bin/mingw32-make.exe -f &quot;C:/Users/bm4g5_000/Documents/github/adventure/Makefile&quot;  VERBOSE=1 &quot;$file&quot;" />
            <Clean command="C:/MinGW/bin/mingw32-make.exe -f &quot;C:/Users/bm4g5_000/Documents/github/adventure/Makefile&quot;  VERBOSE=1 clean" />
            <DistClean command="C:/MinGW/bin/mingw32-make.exe -f &quot;C:/Users/bm4g5_000/Documents/github/adventure/Makefile&quot;  VERBOSE=1 clean" />
         </MakeCommands>
      </Target>
      </Build>
      <Unit filename="C:/Users/bm4g5_000/Documents/github/adventure/source/adventure.cpp">
      </Unit>
      <Unit filename="C:/Users/bm4g5_000/Documents/github/adventure/source/adventure.h">
      </Unit>
      <Unit filename="C:/Users/bm4g5_000/Documents/github/adventure/CMakeLists.txt">
          <Option virtualFolder="CMake Files\" />
      </Unit>
      <Unit filename="C:/Users/bm4g5_000/Documents/github/adventure/../GameEngine/CMake/Modules/FindGLFW.cmake">
          <Option virtualFolder="CMake Files\..\GameEngine\CMake\Modules\" />
      </Unit>
      <Unit filename="C:/Users/bm4g5_000/Documents/github/adventure/../GameEngine/CMake/Modules/FindGAME_ENGINE.cmake">
          <Option virtualFolder="CMake Files\..\GameEngine\CMake\Modules\" />
      </Unit>
      <Unit filename="C:/Users/bm4g5_000/Documents/github/adventure/../GameEngine/CMake/Modules/FindGLM.cmake">
          <Option virtualFolder="CMake Files\..\GameEngine\CMake\Modules\" />
      </Unit>
      <Unit filename="C:/Users/bm4g5_000/Documents/github/adventure/../GameEngine/CMake/Modules/FindANGELSCRIPT.cmake">
          <Option virtualFolder="CMake Files\..\GameEngine\CMake\Modules\" />
      </Unit>
   </Project>
</CodeBlocks_project_file>
